
Microsoft Visual Studio Solution File, Format Version 12.00
# Visual Studio Version 17
VisualStudioVersion = 17.11.35431.28
MinimumVisualStudioVersion = 10.0.40219.1
Project("{FAE04EC0-301F-11D3-BF4B-00C04F79EFBC}") = "Utepites_6", "Utepites_6\Utepites_6.csproj", "{C34781F5-AEE8-498D-BBC7-4034DFF2FE2B}"
EndProject
Global
	GlobalSection(SolutionConfigurationPlatforms) = preSolution
		Debug|Any CPU = Debug|Any CPU
		Release|Any CPU = Release|Any CPU
	EndGlobalSection
	GlobalSection(ProjectConfigurationPlatforms) = postSolution
		{C34781F5-AEE8-498D-BBC7-4034DFF2FE2B}.Debug|Any CPU.ActiveCfg = Debug|Any CPU
		{C34781F5-AEE8-498D-BBC7-4034DFF2FE2B}.Debug|Any CPU.Build.0 = Debug|Any CPU
		{C34781F5-AEE8-498D-BBC7-4034DFF2FE2B}.Release|Any CPU.ActiveCfg = Release|Any CPU
		{C34781F5-AEE8-498D-BBC7-4034DFF2FE2B}.Release|Any CPU.Build.0 = Release|Any CPU
	EndGlobalSection
	GlobalSection(SolutionProperties) = preSolution
		HideSolutionNode = FALSE
	EndGlobalSection
	GlobalSection(ExtensibilityGlobals) = postSolution
		SolutionGuid = {C0CF2E92-20CB-4CF2-A94E-DD1ACB724942}
	EndGlobalSection
EndGlobal
